{
  "name": "01-strategy-design-pattern",
  "version": "1.0.0",
  "lockfileVersion": 1,
  "requires": true,
  "dependencies": {
    "@types/assert": {
      "version": "1.5.2",
      "resolved": "https://registry.npmjs.org/@types/assert/-/assert-1.5.2.tgz",
      "integrity": "sha512-DLsoZH9z5DLDi6qMbXKqeqlQLK1h3rfR9dK+KX8UJSGHJylvIZPOCQEKr/d/FClPoZE/eHOa3+e270eUJCUTog=="
    },
    "typescript": {
      "version": "4.1.2",
      "resolved": "https://registry.npmjs.org/typescript/-/typescript-4.1.2.tgz",
      "integrity": "sha512-thGloWsGH3SOxv1SoY7QojKi0tc+8FnOmiarEGMbd/lar7QOEd3hvlx3Fp5y6FlDUGl9L+pd4n2e+oToGMmhRQ==",
      "dev": true
    }
  }
}
